
Microsoft Visual Studio Solution File, Format Version 12.00
# Visual Studio Version 17
VisualStudioVersion = 17.14.37216.2
MinimumVisualStudioVersion = 10.0.40219.1
Project("{FAE04EC0-301F-11D3-BF4B-00C04F79EFBC}") = "DestinoTrack.Entity", "DestinoTrack.Entity\DestinoTrack.Entity.csproj", "{2551034A-81A6-464B-AA81-7D3BE0639837}"
EndProject
Project("{FAE04EC0-301F-11D3-BF4B-00C04F79EFBC}") = "DestinoTrack.DataAccess", "DestinoTrack.DataAccess\DestinoTrack.DataAccess.csproj", "{7B8D08F0-061D-4930-B202-255E600CD1E4}"
EndProject
Project("{FAE04EC0-301F-11D3-BF4B-00C04F79EFBC}") = "DestinoTrack.DTO", "DestinoTrack.DTO\DestinoTrack.DTO.csproj", "{DF897035-98F5-4A4B-BB11-8BCA91A7DAA3}"
EndProject
Project("{FAE04EC0-301F-11D3-BF4B-00C04F79EFBC}") = "DestinoTrack.Business", "DestinoTrack.Business\DestinoTrack.Business.csproj", "{74C2213A-8283-4E56-9A8C-A4EDA2CF654E}"
EndProject
Project("{FAE04EC0-301F-11D3-BF4B-00C04F79EFBC}") = "DestinoTrack.WebUI", "DestinoTrack.WebUI\DestinoTrack.WebUI.csproj", "{7D636D6B-0D97-473B-B2A1-D770A9630BAE}"
EndProject
Global
	GlobalSection(SolutionConfigurationPlatforms) = preSolution
		Debug|Any CPU = Debug|Any CPU
		Release|Any CPU = Release|Any CPU
	EndGlobalSection
	GlobalSection(ProjectConfigurationPlatforms) = postSolution
		{2551034A-81A6-464B-AA81-7D3BE0639837}.Debug|Any CPU.ActiveCfg = Debug|Any CPU
		{2551034A-81A6-464B-AA81-7D3BE0639837}.Debug|Any CPU.Build.0 = Debug|Any CPU
		{2551034A-81A6-464B-AA81-7D3BE0639837}.Release|Any CPU.ActiveCfg = Release|Any CPU
		{2551034A-81A6-464B-AA81-7D3BE0639837}.Release|Any CPU.Build.0 = Release|Any CPU
		{7B8D08F0-061D-4930-B202-255E600CD1E4}.Debug|Any CPU.ActiveCfg = Debug|Any CPU
		{7B8D08F0-061D-4930-B202-255E600CD1E4}.Debug|Any CPU.Build.0 = Debug|Any CPU
		{7B8D08F0-061D-4930-B202-255E600CD1E4}.Release|Any CPU.ActiveCfg = Release|Any CPU
		{7B8D08F0-061D-4930-B202-255E600CD1E4}.Release|Any CPU.Build.0 = Release|Any CPU
		{DF897035-98F5-4A4B-BB11-8BCA91A7DAA3}.Debug|Any CPU.ActiveCfg = Debug|Any CPU
		{DF897035-98F5-4A4B-BB11-8BCA91A7DAA3}.Debug|Any CPU.Build.0 = Debug|Any CPU
		{DF897035-98F5-4A4B-BB11-8BCA91A7DAA3}.Release|Any CPU.ActiveCfg = Release|Any CPU
		{DF897035-98F5-4A4B-BB11-8BCA91A7DAA3}.Release|Any CPU.Build.0 = Release|Any CPU
		{74C2213A-8283-4E56-9A8C-A4EDA2CF654E}.Debug|Any CPU.ActiveCfg = Debug|Any CPU
		{74C2213A-8283-4E56-9A8C-A4EDA2CF654E}.Debug|Any CPU.Build.0 = Debug|Any CPU
		{74C2213A-8283-4E56-9A8C-A4EDA2CF654E}.Release|Any CPU.ActiveCfg = Release|Any CPU
		{74C2213A-8283-4E56-9A8C-A4EDA2CF654E}.Release|Any CPU.Build.0 = Release|Any CPU
		{7D636D6B-0D97-473B-B2A1-D770A9630BAE}.Debug|Any CPU.ActiveCfg = Debug|Any CPU
		{7D636D6B-0D97-473B-B2A1-D770A9630BAE}.Debug|Any CPU.Build.0 = Debug|Any CPU
		{7D636D6B-0D97-473B-B2A1-D770A9630BAE}.Release|Any CPU.ActiveCfg = Release|Any CPU
		{7D636D6B-0D97-473B-B2A1-D770A9630BAE}.Release|Any CPU.Build.0 = Release|Any CPU
	EndGlobalSection
	GlobalSection(SolutionProperties) = preSolution
		HideSolutionNode = FALSE
	EndGlobalSection
	GlobalSection(ExtensibilityGlobals) = postSolution
		SolutionGuid = {DD51FEDF-7217-405D-97D4-5AF147371B99}
	EndGlobalSection
EndGlobal
